
Microsoft Visual Studio Solution File, Format Version 12.00
# Visual Studio Version 17
VisualStudioVersion = 17.14.36518.9
MinimumVisualStudioVersion = 10.0.40219.1
Project("{FAE04EC0-301F-11D3-BF4B-00C04F79EFBC}") = "Backend.Domain", "backend.Domain\Backend.Domain.csproj", "{B82DC3F3-B151-45CA-B983-5291A3526816}"
EndProject
Project("{FAE04EC0-301F-11D3-BF4B-00C04F79EFBC}") = "Backend.Application", "backend.Application\Backend.Application.csproj", "{640DA298-4060-4265-A4B3-5183DB52C0BD}"
EndProject
Project("{FAE04EC0-301F-11D3-BF4B-00C04F79EFBC}") = "Backend.Infrastructure", "backend.Infrastructure\Backend.Infrastructure.csproj", "{065BBB3B-B3FB-447E-AFCC-79268CC71158}"
EndProject
Project("{FAE04EC0-301F-11D3-BF4B-00C04F79EFBC}") = "Backend.WebApi", "backend.WebApi\Backend.WebApi.csproj", "{0A290806-8351-4F48-8E3C-1CA3DD55AF4C}"
EndProject
Project("{FAE04EC0-301F-11D3-BF4B-00C04F79EFBC}") = "Backend.Tests", "Backend.Tests\Backend.Tests.csproj", "{B61EF214-A251-412A-A735-7697BDE7914F}"
EndProject
Global
	GlobalSection(SolutionConfigurationPlatforms) = preSolution
		Debug|Any CPU = Debug|Any CPU
		Release|Any CPU = Release|Any CPU
	EndGlobalSection
	GlobalSection(ProjectConfigurationPlatforms) = postSolution
		{B82DC3F3-B151-45CA-B983-5291A3526816}.Debug|Any CPU.ActiveCfg = Debug|Any CPU
		{B82DC3F3-B151-45CA-B983-5291A3526816}.Debug|Any CPU.Build.0 = Debug|Any CPU
		{B82DC3F3-B151-45CA-B983-5291A3526816}.Release|Any CPU.ActiveCfg = Release|Any CPU
		{B82DC3F3-B151-45CA-B983-5291A3526816}.Release|Any CPU.Build.0 = Release|Any CPU
		{640DA298-4060-4265-A4B3-5183DB52C0BD}.Debug|Any CPU.ActiveCfg = Debug|Any CPU
		{640DA298-4060-4265-A4B3-5183DB52C0BD}.Debug|Any CPU.Build.0 = Debug|Any CPU
		{640DA298-4060-4265-A4B3-5183DB52C0BD}.Release|Any CPU.ActiveCfg = Release|Any CPU
		{640DA298-4060-4265-A4B3-5183DB52C0BD}.Release|Any CPU.Build.0 = Release|Any CPU
		{065BBB3B-B3FB-447E-AFCC-79268CC71158}.Debug|Any CPU.ActiveCfg = Debug|Any CPU
		{065BBB3B-B3FB-447E-AFCC-79268CC71158}.Debug|Any CPU.Build.0 = Debug|Any CPU
		{065BBB3B-B3FB-447E-AFCC-79268CC71158}.Release|Any CPU.ActiveCfg = Release|Any CPU
		{065BBB3B-B3FB-447E-AFCC-79268CC71158}.Release|Any CPU.Build.0 = Release|Any CPU
		{0A290806-8351-4F48-8E3C-1CA3DD55AF4C}.Debug|Any CPU.ActiveCfg = Debug|Any CPU
		{0A290806-8351-4F48-8E3C-1CA3DD55AF4C}.Debug|Any CPU.Build.0 = Debug|Any CPU
		{0A290806-8351-4F48-8E3C-1CA3DD55AF4C}.Release|Any CPU.ActiveCfg = Release|Any CPU
		{0A290806-8351-4F48-8E3C-1CA3DD55AF4C}.Release|Any CPU.Build.0 = Release|Any CPU
		{B61EF214-A251-412A-A735-7697BDE7914F}.Debug|Any CPU.ActiveCfg = Debug|Any CPU
		{B61EF214-A251-412A-A735-7697BDE7914F}.Debug|Any CPU.Build.0 = Debug|Any CPU
		{B61EF214-A251-412A-A735-7697BDE7914F}.Release|Any CPU.ActiveCfg = Release|Any CPU
		{B61EF214-A251-412A-A735-7697BDE7914F}.Release|Any CPU.Build.0 = Release|Any CPU
	EndGlobalSection
	GlobalSection(SolutionProperties) = preSolution
		HideSolutionNode = FALSE
	EndGlobalSection
	GlobalSection(ExtensibilityGlobals) = postSolution
		SolutionGuid = {50B8C390-8861-4330-9CDC-B8DA63F41064}
	EndGlobalSection
EndGlobal
